
Microsoft Visual Studio Solution File, Format Version 12.00
# Visual Studio 14
VisualStudioVersion = 14.0.25123.0
MinimumVisualStudioVersion = 10.0.40219.1
Project("{FAE04EC0-301F-11D3-BF4B-00C04F79EFBC}") = "SMARTHDD", "SMARTHDD\SMARTHDD.csproj", "{EE0CD4D7-6497-428E-8E01-E91E11A5F6DF}"
EndProject
Project("{2150E333-8FDC-42A3-9474-1A3956D46DE8}") = "Solution Items", "Solution Items", "{2F0BFB51-9DE5-4E32-8AAC-5440E7F336D5}"
EndProject
Global
	GlobalSection(SolutionConfigurationPlatforms) = preSolution
		Debug|Any CPU = Debug|Any CPU
		Release|Any CPU = Release|Any CPU
	EndGlobalSection
	GlobalSection(ProjectConfigurationPlatforms) = postSolution
		{EE0CD4D7-6497-428E-8E01-E91E11A5F6DF}.Debug|Any CPU.ActiveCfg = Debug|Any CPU
		{EE0CD4D7-6497-428E-8E01-E91E11A5F6DF}.Debug|Any CPU.Build.0 = Debug|Any CPU
		{EE0CD4D7-6497-428E-8E01-E91E11A5F6DF}.Release|Any CPU.ActiveCfg = Release|Any CPU
		{EE0CD4D7-6497-428E-8E01-E91E11A5F6DF}.Release|Any CPU.Build.0 = Release|Any CPU
	EndGlobalSection
	GlobalSection(SolutionProperties) = preSolution
		HideSolutionNode = FALSE
	EndGlobalSection
EndGlobal
