
Microsoft Visual Studio Solution File, Format Version 12.00
# Visual Studio 14
VisualStudioVersion = 14.0.24720.0
MinimumVisualStudioVersion = 10.0.40219.1
Project("{FAE04EC0-301F-11D3-BF4B-00C04F79EFBC}") = "ExerciseCrypt", "ExerciseCrypt\ExerciseCrypt.csproj", "{2DBFDC20-97F3-4FE0-90F2-C15CEB9FE0B8}"
	ProjectSection(ProjectDependencies) = postProject
		{9F79F540-3E94-4BA5-AFAB-637B646F0B52} = {9F79F540-3E94-4BA5-AFAB-637B646F0B52}
	EndProjectSection
EndProject
Project("{FAE04EC0-301F-11D3-BF4B-00C04F79EFBC}") = "ClassLibrary", "ClassLibrary\ClassLibrary.csproj", "{9F79F540-3E94-4BA5-AFAB-637B646F0B52}"
EndProject
Project("{FAE04EC0-301F-11D3-BF4B-00C04F79EFBC}") = "UnitTestProject", "UnitTestProject\UnitTestProject.csproj", "{C0E4F04B-77D9-4288-AFF0-7C3E03B85D1F}"
EndProject
Global
	GlobalSection(SolutionConfigurationPlatforms) = preSolution
		Debug|Any CPU = Debug|Any CPU
		Release|Any CPU = Release|Any CPU
	EndGlobalSection
	GlobalSection(ProjectConfigurationPlatforms) = postSolution
		{2DBFDC20-97F3-4FE0-90F2-C15CEB9FE0B8}.Debug|Any CPU.ActiveCfg = Debug|Any CPU
		{2DBFDC20-97F3-4FE0-90F2-C15CEB9FE0B8}.Debug|Any CPU.Build.0 = Debug|Any CPU
		{2DBFDC20-97F3-4FE0-90F2-C15CEB9FE0B8}.Release|Any CPU.ActiveCfg = Release|Any CPU
		{2DBFDC20-97F3-4FE0-90F2-C15CEB9FE0B8}.Release|Any CPU.Build.0 = Release|Any CPU
		{9F79F540-3E94-4BA5-AFAB-637B646F0B52}.Debug|Any CPU.ActiveCfg = Debug|Any CPU
		{9F79F540-3E94-4BA5-AFAB-637B646F0B52}.Debug|Any CPU.Build.0 = Debug|Any CPU
		{9F79F540-3E94-4BA5-AFAB-637B646F0B52}.Release|Any CPU.ActiveCfg = Release|Any CPU
		{9F79F540-3E94-4BA5-AFAB-637B646F0B52}.Release|Any CPU.Build.0 = Release|Any CPU
		{C0E4F04B-77D9-4288-AFF0-7C3E03B85D1F}.Debug|Any CPU.ActiveCfg = Debug|Any CPU
		{C0E4F04B-77D9-4288-AFF0-7C3E03B85D1F}.Debug|Any CPU.Build.0 = Debug|Any CPU
		{C0E4F04B-77D9-4288-AFF0-7C3E03B85D1F}.Release|Any CPU.ActiveCfg = Release|Any CPU
		{C0E4F04B-77D9-4288-AFF0-7C3E03B85D1F}.Release|Any CPU.Build.0 = Release|Any CPU
	EndGlobalSection
	GlobalSection(SolutionProperties) = preSolution
		HideSolutionNode = FALSE
	EndGlobalSection
EndGlobal
